# This file is automatically @generated by Cargo.
# It is not intended for manual editing.
version = 4

[[package]]
name = "akl-core"
version = "0.1.0"

[[package]]
name = "akl-ffi"
version = "0.1.0"
dependencies = [
 "akl-core",
]

[[package]]
name = "ifuto-cli"
version = "0.1.0"
dependencies = [
 "ifuto-core",
 "ifuto-ffi",
]

[[package]]
name = "ifuto-core"
version = "0.1.0"

[[package]]
name = "ifuto-ffi"
version = "0.1.0"
dependencies = [
 "akl-core",
 "ifuto-core",
]
